// !$*UTF8*$!
{
	archiveVersion = 1;
	classes = {
	};
	objectVersion = 56;
	objects = {

/* Begin PBXBuildFile section */
		C32050FB2F17C4FE00E72F3F /* Swift_Ecommerce_feApp.swift in Sources */ = {isa = PBXBuildFile; fileRef = C32050FA2F17C4FE00E72F3F /* Swift_Ecommerce_feApp.swift */; };
		C32050FD2F17C4FE00E72F3F /* ContentView.swift in Sources */ = {isa = PBXBuildFile; fileRef = C32050FC2F17C4FE00E72F3F /* ContentView.swift */; };
		C32050FF2F17C50000E72F3F /* Assets.xcassets in Resources */ = {isa = PBXBuildFile; fileRef = C32050FE2F17C50000E72F3F /* Assets.xcassets */; };
		C32051032F17C50000E72F3F /* Preview Assets.xcassets in Resources */ = {isa = PBXBuildFile; fileRef = C32051022F17C50000E72F3F /* Preview Assets.xcassets */; };
		C32051132F17CA4F00E72F3F /* HomeView.swift in Sources */ = {isa = PBXBuildFile; fileRef = C32051122F17CA4F00E72F3F /* HomeView.swift */; };
		C32051162F17CB5F00E72F3F /* WelcomeView.swift in Sources */ = {isa = PBXBuildFile; fileRef = C32051152F17CB5F00E72F3F /* WelcomeView.swift */; };
		C32051192F17CB7C00E72F3F /* SelectRoleView.swift in Sources */ = {isa = PBXBuildFile; fileRef = C32051182F17CB7C00E72F3F /* SelectRoleView.swift */; };
		C320511B2F17E1BF00E72F3F /* RoleCard.swift in Sources */ = {isa = PBXBuildFile; fileRef = C320511A2F17E1BF00E72F3F /* RoleCard.swift */; };
		C320511F2F17E29400E72F3F /* AdminLoginView.swift in Sources */ = {isa = PBXBuildFile; fileRef = C320511E2F17E29400E72F3F /* AdminLoginView.swift */; };
		C32051212F17E2AC00E72F3F /* CustomerLoginView.swift in Sources */ = {isa = PBXBuildFile; fileRef = C32051202F17E2AC00E72F3F /* CustomerLoginView.swift */; };
		C32051232F17E2B900E72F3F /* CustomerRegisterView.swift in Sources */ = {isa = PBXBuildFile; fileRef = C32051222F17E2B900E72F3F /* CustomerRegisterView.swift */; };
		C32051252F17E2D400E72F3F /* UserRole.swift in Sources */ = {isa = PBXBuildFile; fileRef = C32051242F17E2D400E72F3F /* UserRole.swift */; };
		C32051272F17E50700E72F3F /* CheckboxToggleStyle.swift in Sources */ = {isa = PBXBuildFile; fileRef = C32051262F17E50700E72F3F /* CheckboxToggleStyle.swift */; };
		C32051292F17E58800E72F3F /* Validator.swift in Sources */ = {isa = PBXBuildFile; fileRef = C32051282F17E58800E72F3F /* Validator.swift */; };
		C320512E2F17EA7200E72F3F /* AppTextField.swift in Sources */ = {isa = PBXBuildFile; fileRef = C320512D2F17EA7200E72F3F /* AppTextField.swift */; };
		C32051302F17EA7F00E72F3F /* AppPasswordField.swift in Sources */ = {isa = PBXBuildFile; fileRef = C320512F2F17EA7F00E72F3F /* AppPasswordField.swift */; };
		C32051322F17EA8900E72F3F /* AppErrorText.swift in Sources */ = {isa = PBXBuildFile; fileRef = C32051312F17EA8900E72F3F /* AppErrorText.swift */; };
		C32051352F17EAA400E72F3F /* PrimaryButton.swift in Sources */ = {isa = PBXBuildFile; fileRef = C32051342F17EAA400E72F3F /* PrimaryButton.swift */; };
		C32051392F1BD79300E72F3F /* APIClient.swift in Sources */ = {isa = PBXBuildFile; fileRef = C32051382F1BD79300E72F3F /* APIClient.swift */; };
		C320513B2F1BD7A400E72F3F /* AuthAPI.swift in Sources */ = {isa = PBXBuildFile; fileRef = C320513A2F1BD7A400E72F3F /* AuthAPI.swift */; };
		C320513D2F1BD7B600E72F3F /* AuthViewModel.swift in Sources */ = {isa = PBXBuildFile; fileRef = C320513C2F1BD7B600E72F3F /* AuthViewModel.swift */; };
		C320513F2F1BD7C100E72F3F /* Customer.swift in Sources */ = {isa = PBXBuildFile; fileRef = C320513E2F1BD7C100E72F3F /* Customer.swift */; };
		C32051412F1BD7DE00E72F3F /* AuthResponse.swift in Sources */ = {isa = PBXBuildFile; fileRef = C32051402F1BD7DE00E72F3F /* AuthResponse.swift */; };
		C32051452F1BD8AE00E72F3F /* ExploreView.swift in Sources */ = {isa = PBXBuildFile; fileRef = C32051442F1BD8AE00E72F3F /* ExploreView.swift */; };
		C32051482F1BD8D500E72F3F /* NotificationView.swift in Sources */ = {isa = PBXBuildFile; fileRef = C32051472F1BD8D500E72F3F /* NotificationView.swift */; };
		C320514B2F1BD90600E72F3F /* ProfileView.swift in Sources */ = {isa = PBXBuildFile; fileRef = C320514A2F1BD90600E72F3F /* ProfileView.swift */; };
		C320514D2F1BD94700E72F3F /* HomeTabView.swift in Sources */ = {isa = PBXBuildFile; fileRef = C320514C2F1BD94700E72F3F /* HomeTabView.swift */; };
		C320514F2F1BDEBD00E72F3F /* LoginRequest.swift in Sources */ = {isa = PBXBuildFile; fileRef = C320514E2F1BDEBD00E72F3F /* LoginRequest.swift */; };
		C32051512F1BDECE00E72F3F /* RegisterRequest.swift in Sources */ = {isa = PBXBuildFile; fileRef = C32051502F1BDECE00E72F3F /* RegisterRequest.swift */; };
		C32051542F1BE71A00E72F3F /* KeychainService.swift in Sources */ = {isa = PBXBuildFile; fileRef = C32051532F1BE71A00E72F3F /* KeychainService.swift */; };
		C32051562F1BE73500E72F3F /* CustomerAPI.swift in Sources */ = {isa = PBXBuildFile; fileRef = C32051552F1BE73500E72F3F /* CustomerAPI.swift */; };
		C32051592F1BE7A600E72F3F /* CustomerProfile.swift in Sources */ = {isa = PBXBuildFile; fileRef = C32051582F1BE7A600E72F3F /* CustomerProfile.swift */; };
		C320515B2F1BE7DD00E72F3F /* ProfileViewModel.swift in Sources */ = {isa = PBXBuildFile; fileRef = C320515A2F1BE7DD00E72F3F /* ProfileViewModel.swift */; };
/* End PBXBuildFile section */

/* Begin PBXFileReference section */
		C32050F72F17C4FE00E72F3F /* Swift-Ecommerce-fe.app */ = {isa = PBXFileReference; explicitFileType = wrapper.application; includeInIndex = 0; path = "Swift-Ecommerce-fe.app"; sourceTree = BUILT_PRODUCTS_DIR; };
		C32050FA2F17C4FE00E72F3F /* Swift_Ecommerce_feApp.swift */ = {isa = PBXFileReference; lastKnownFileType = sourcecode.swift; path = Swift_Ecommerce_feApp.swift; sourceTree = "<group>"; };
		C32050FC2F17C4FE00E72F3F /* ContentView.swift */ = {isa = PBXFileReference; lastKnownFileType = sourcecode.swift; path = ContentView.swift; sourceTree = "<group>"; };
		C32050FE2F17C50000E72F3F /* Assets.xcassets */ = {isa = PBXFileReference; lastKnownFileType = folder.assetcatalog; path = Assets.xcassets; sourceTree = "<group>"; };
		C32051002F17C50000E72F3F /* Swift_Ecommerce_fe.entitlements */ = {isa = PBXFileReference; lastKnownFileType = text.plist.entitlements; path = Swift_Ecommerce_fe.entitlements; sourceTree = "<group>"; };
		C32051022F17C50000E72F3F /* Preview Assets.xcassets */ = {isa = PBXFileReference; lastKnownFileType = folder.assetcatalog; path = "Preview Assets.xcassets"; sourceTree = "<group>"; };
		C32051122F17CA4F00E72F3F /* HomeView.swift */ = {isa = PBXFileReference; lastKnownFileType = sourcecode.swift; path = HomeView.swift; sourceTree = "<group>"; };
		C32051152F17CB5F00E72F3F /* WelcomeView.swift */ = {isa = PBXFileReference; lastKnownFileType = sourcecode.swift; path = WelcomeView.swift; sourceTree = "<group>"; };
		C32051182F17CB7C00E72F3F /* SelectRoleView.swift */ = {isa = PBXFileReference; lastKnownFileType = sourcecode.swift; path = SelectRoleView.swift; sourceTree = "<group>"; };
		C320511A2F17E1BF00E72F3F /* RoleCard.swift */ = {isa = PBXFileReference; lastKnownFileType = sourcecode.swift; path = RoleCard.swift; sourceTree = "<group>"; };
		C320511E2F17E29400E72F3F /* AdminLoginView.swift */ = {isa = PBXFileReference; lastKnownFileType = sourcecode.swift; path = AdminLoginView.swift; sourceTree = "<group>"; };
		C32051202F17E2AC00E72F3F /* CustomerLoginView.swift */ = {isa = PBXFileReference; lastKnownFileType = sourcecode.swift; path = CustomerLoginView.swift; sourceTree = "<group>"; };
		C32051222F17E2B900E72F3F /* CustomerRegisterView.swift */ = {isa = PBXFileReference; lastKnownFileType = sourcecode.swift; path = CustomerRegisterView.swift; sourceTree = "<group>"; };
		C32051242F17E2D400E72F3F /* UserRole.swift */ = {isa = PBXFileReference; lastKnownFileType = sourcecode.swift; path = UserRole.swift; sourceTree = "<group>"; };
		C32051262F17E50700E72F3F /* CheckboxToggleStyle.swift */ = {isa = PBXFileReference; lastKnownFileType = sourcecode.swift; path = CheckboxToggleStyle.swift; sourceTree = "<group>"; };
		C32051282F17E58800E72F3F /* Validator.swift */ = {isa = PBXFileReference; lastKnownFileType = sourcecode.swift; path = Validator.swift; sourceTree = "<group>"; };
		C320512D2F17EA7200E72F3F /* AppTextField.swift */ = {isa = PBXFileReference; lastKnownFileType = sourcecode.swift; path = AppTextField.swift; sourceTree = "<group>"; };
		C320512F2F17EA7F00E72F3F /* AppPasswordField.swift */ = {isa = PBXFileReference; lastKnownFileType = sourcecode.swift; path = AppPasswordField.swift; sourceTree = "<group>"; };
		C32051312F17EA8900E72F3F /* AppErrorText.swift */ = {isa = PBXFileReference; lastKnownFileType = sourcecode.swift; path = AppErrorText.swift; sourceTree = "<group>"; };
		C32051342F17EAA400E72F3F /* PrimaryButton.swift */ = {isa = PBXFileReference; lastKnownFileType = sourcecode.swift; path = PrimaryButton.swift; sourceTree = "<group>"; };
		C32051382F1BD79300E72F3F /* APIClient.swift */ = {isa = PBXFileReference; lastKnownFileType = sourcecode.swift; path = APIClient.swift; sourceTree = "<group>"; };
		C320513A2F1BD7A400E72F3F /* AuthAPI.swift */ = {isa = PBXFileReference; lastKnownFileType = sourcecode.swift; path = AuthAPI.swift; sourceTree = "<group>"; };
		C320513C2F1BD7B600E72F3F /* AuthViewModel.swift */ = {isa = PBXFileReference; lastKnownFileType = sourcecode.swift; path = AuthViewModel.swift; sourceTree = "<group>"; };
		C320513E2F1BD7C100E72F3F /* Customer.swift */ = {isa = PBXFileReference; lastKnownFileType = sourcecode.swift; path = Customer.swift; sourceTree = "<group>"; };
		C32051402F1BD7DE00E72F3F /* AuthResponse.swift */ = {isa = PBXFileReference; lastKnownFileType = sourcecode.swift; path = AuthResponse.swift; sourceTree = "<group>"; };
		C32051442F1BD8AE00E72F3F /* ExploreView.swift */ = {isa = PBXFileReference; lastKnownFileType = sourcecode.swift; path = ExploreView.swift; sourceTree = "<group>"; };
		C32051472F1BD8D500E72F3F /* NotificationView.swift */ = {isa = PBXFileReference; lastKnownFileType = sourcecode.swift; path = NotificationView.swift; sourceTree = "<group>"; };
		C320514A2F1BD90600E72F3F /* ProfileView.swift */ = {isa = PBXFileReference; lastKnownFileType = sourcecode.swift; path = ProfileView.swift; sourceTree = "<group>"; };
		C320514C2F1BD94700E72F3F /* HomeTabView.swift */ = {isa = PBXFileReference; lastKnownFileType = sourcecode.swift; path = HomeTabView.swift; sourceTree = "<group>"; };
		C320514E2F1BDEBD00E72F3F /* LoginRequest.swift */ = {isa = PBXFileReference; lastKnownFileType = sourcecode.swift; path = LoginRequest.swift; sourceTree = "<group>"; };
		C32051502F1BDECE00E72F3F /* RegisterRequest.swift */ = {isa = PBXFileReference; lastKnownFileType = sourcecode.swift; path = RegisterRequest.swift; sourceTree = "<group>"; };
		C32051532F1BE71A00E72F3F /* KeychainService.swift */ = {isa = PBXFileReference; lastKnownFileType = sourcecode.swift; path = KeychainService.swift; sourceTree = "<group>"; };
		C32051552F1BE73500E72F3F /* CustomerAPI.swift */ = {isa = PBXFileReference; lastKnownFileType = sourcecode.swift; path = CustomerAPI.swift; sourceTree = "<group>"; };
		C32051582F1BE7A600E72F3F /* CustomerProfile.swift */ = {isa = PBXFileReference; lastKnownFileType = sourcecode.swift; path = CustomerProfile.swift; sourceTree = "<group>"; };
		C320515A2F1BE7DD00E72F3F /* ProfileViewModel.swift */ = {isa = PBXFileReference; lastKnownFileType = sourcecode.swift; path = ProfileViewModel.swift; sourceTree = "<group>"; };
/* End PBXFileReference section */

/* Begin PBXFrameworksBuildPhase section */
		C32050F42F17C4FE00E72F3F /* Frameworks */ = {
			isa = PBXFrameworksBuildPhase;
			buildActionMask = 2147483647;
			files = (
			);
			runOnlyForDeploymentPostprocessing = 0;
		};
/* End PBXFrameworksBuildPhase section */

/* Begin PBXGroup section */
		C32050EE2F17C4FE00E72F3F = {
			isa = PBXGroup;
			children = (
				C32050F92F17C4FE00E72F3F /* Swift-Ecommerce-fe */,
				C32050F82F17C4FE00E72F3F /* Products */,
			);
			sourceTree = "<group>";
		};
		C32050F82F17C4FE00E72F3F /* Products */ = {
			isa = PBXGroup;
			children = (
				C32050F72F17C4FE00E72F3F /* Swift-Ecommerce-fe.app */,
			);
			name = Products;
			sourceTree = "<group>";
		};
		C32050F92F17C4FE00E72F3F /* Swift-Ecommerce-fe */ = {
			isa = PBXGroup;
			children = (
				C32051362F1BD73B00E72F3F /* Network */,
				C320510F2F17CA1D00E72F3F /* Constants */,
				C320510E2F17CA1300E72F3F /* Utils */,
				C320510D2F17CA0600E72F3F /* Models */,
				C320510C2F17C9FA00E72F3F /* Services */,
				C320510B2F17C9F100E72F3F /* ViewModels */,
				C320510A2F17C9DD00E72F3F /* Components */,
				C32051092F17C9D200E72F3F /* Screens */,
				C32050FA2F17C4FE00E72F3F /* Swift_Ecommerce_feApp.swift */,
				C32050FC2F17C4FE00E72F3F /* ContentView.swift */,
				C32050FE2F17C50000E72F3F /* Assets.xcassets */,
				C32051002F17C50000E72F3F /* Swift_Ecommerce_fe.entitlements */,
				C32051012F17C50000E72F3F /* Preview Content */,
			);
			path = "Swift-Ecommerce-fe";
			sourceTree = "<group>";
		};
		C32051012F17C50000E72F3F /* Preview Content */ = {
			isa = PBXGroup;
			children = (
				C32051022F17C50000E72F3F /* Preview Assets.xcassets */,
			);
			path = "Preview Content";
			sourceTree = "<group>";
		};
		C32051092F17C9D200E72F3F /* Screens */ = {
			isa = PBXGroup;
			children = (
				C32051492F1BD8F500E72F3F /* Profile */,
				C32051462F1BD8BE00E72F3F /* Notification */,
				C32051432F1BD89E00E72F3F /* Explore */,
				C32051172F17CB6D00E72F3F /* Auth */,
				C32051142F17CB4E00E72F3F /* Welcome */,
				C32051112F17CA3A00E72F3F /* Cart */,
				C32051102F17CA2C00E72F3F /* Home */,
				C320514C2F1BD94700E72F3F /* HomeTabView.swift */,
			);
			path = Screens;
			sourceTree = "<group>";
		};
		C320510A2F17C9DD00E72F3F /* Components */ = {
			isa = PBXGroup;
			children = (
				C32051332F17EA9500E72F3F /* Buttons */,
				C320512C2F17EA6100E72F3F /* Inputs */,
				C320511A2F17E1BF00E72F3F /* RoleCard.swift */,
				C32051262F17E50700E72F3F /* CheckboxToggleStyle.swift */,
			);
			path = Components;
			sourceTree = "<group>";
		};
		C320510B2F17C9F100E72F3F /* ViewModels */ = {
			isa = PBXGroup;
			children = (
				C320513C2F1BD7B600E72F3F /* AuthViewModel.swift */,
				C320515A2F1BE7DD00E72F3F /* ProfileViewModel.swift */,
			);
			path = ViewModels;
			sourceTree = "<group>";
		};
		C320510C2F17C9FA00E72F3F /* Services */ = {
			isa = PBXGroup;
			children = (
				C32051532F1BE71A00E72F3F /* KeychainService.swift */,
			);
			path = Services;
			sourceTree = "<group>";
		};
		C320510D2F17CA0600E72F3F /* Models */ = {
			isa = PBXGroup;
			children = (
				C32051572F1BE79A00E72F3F /* Customer */,
				C32051522F1BDFD100E72F3F /* Auth */,
				C32051242F17E2D400E72F3F /* UserRole.swift */,
				C320513E2F1BD7C100E72F3F /* Customer.swift */,
				C32051402F1BD7DE00E72F3F /* AuthResponse.swift */,
				C320514E2F1BDEBD00E72F3F /* LoginRequest.swift */,
				C32051502F1BDECE00E72F3F /* RegisterRequest.swift */,
			);
			path = Models;
			sourceTree = "<group>";
		};
		C320510E2F17CA1300E72F3F /* Utils */ = {
			isa = PBXGroup;
			children = (
				C32051282F17E58800E72F3F /* Validator.swift */,
			);
			path = Utils;
			sourceTree = "<group>";
		};
		C320510F2F17CA1D00E72F3F /* Constants */ = {
			isa = PBXGroup;
			children = (
			);
			path = Constants;
			sourceTree = "<group>";
		};
		C32051102F17CA2C00E72F3F /* Home */ = {
			isa = PBXGroup;
			children = (
				C32051122F17CA4F00E72F3F /* HomeView.swift */,
			);
			path = Home;
			sourceTree = "<group>";
		};
		C32051112F17CA3A00E72F3F /* Cart */ = {
			isa = PBXGroup;
			children = (
			);
			path = Cart;
			sourceTree = "<group>";
		};
		C32051142F17CB4E00E72F3F /* Welcome */ = {
			isa = PBXGroup;
			children = (
				C32051152F17CB5F00E72F3F /* WelcomeView.swift */,
			);
			path = Welcome;
			sourceTree = "<group>";
		};
		C32051172F17CB6D00E72F3F /* Auth */ = {
			isa = PBXGroup;
			children = (
				C320511D2F17E28400E72F3F /* Customer */,
				C320511C2F17E27A00E72F3F /* Admin */,
				C32051182F17CB7C00E72F3F /* SelectRoleView.swift */,
			);
			path = Auth;
			sourceTree = "<group>";
		};
		C320511C2F17E27A00E72F3F /* Admin */ = {
			isa = PBXGroup;
			children = (
				C320511E2F17E29400E72F3F /* AdminLoginView.swift */,
			);
			path = Admin;
			sourceTree = "<group>";
		};
		C320511D2F17E28400E72F3F /* Customer */ = {
			isa = PBXGroup;
			children = (
				C32051202F17E2AC00E72F3F /* CustomerLoginView.swift */,
				C32051222F17E2B900E72F3F /* CustomerRegisterView.swift */,
			);
			path = Customer;
			sourceTree = "<group>";
		};
		C320512C2F17EA6100E72F3F /* Inputs */ = {
			isa = PBXGroup;
			children = (
				C320512D2F17EA7200E72F3F /* AppTextField.swift */,
				C320512F2F17EA7F00E72F3F /* AppPasswordField.swift */,
				C32051312F17EA8900E72F3F /* AppErrorText.swift */,
			);
			path = Inputs;
			sourceTree = "<group>";
		};
		C32051332F17EA9500E72F3F /* Buttons */ = {
			isa = PBXGroup;
			children = (
				C32051342F17EAA400E72F3F /* PrimaryButton.swift */,
			);
			path = Buttons;
			sourceTree = "<group>";
		};
		C32051362F1BD73B00E72F3F /* Network */ = {
			isa = PBXGroup;
			children = (
				C32051382F1BD79300E72F3F /* APIClient.swift */,
				C320513A2F1BD7A400E72F3F /* AuthAPI.swift */,
				C32051552F1BE73500E72F3F /* CustomerAPI.swift */,
			);
			path = Network;
			sourceTree = "<group>";
		};
		C32051432F1BD89E00E72F3F /* Explore */ = {
			isa = PBXGroup;
			children = (
				C32051442F1BD8AE00E72F3F /* ExploreView.swift */,
			);
			path = Explore;
			sourceTree = "<group>";
		};
		C32051462F1BD8BE00E72F3F /* Notification */ = {
			isa = PBXGroup;
			children = (
				C32051472F1BD8D500E72F3F /* NotificationView.swift */,
			);
			path = Notification;
			sourceTree = "<group>";
		};
		C32051492F1BD8F500E72F3F /* Profile */ = {
			isa = PBXGroup;
			children = (
				C320514A2F1BD90600E72F3F /* ProfileView.swift */,
			);
			path = Profile;
			sourceTree = "<group>";
		};
		C32051522F1BDFD100E72F3F /* Auth */ = {
			isa = PBXGroup;
			children = (
			);
			path = Auth;
			sourceTree = "<group>";
		};
		C32051572F1BE79A00E72F3F /* Customer */ = {
			isa = PBXGroup;
			children = (
				C32051582F1BE7A600E72F3F /* CustomerProfile.swift */,
			);
			path = Customer;
			sourceTree = "<group>";
		};
/* End PBXGroup section */

/* Begin PBXNativeTarget section */
		C32050F62F17C4FE00E72F3F /* Swift-Ecommerce-fe */ = {
			isa = PBXNativeTarget;
			buildConfigurationList = C32051062F17C50000E72F3F /* Build configuration list for PBXNativeTarget "Swift-Ecommerce-fe" */;
			buildPhases = (
				C32050F32F17C4FE00E72F3F /* Sources */,
				C32050F42F17C4FE00E72F3F /* Frameworks */,
				C32050F52F17C4FE00E72F3F /* Resources */,
			);
			buildRules = (
			);
			dependencies = (
			);
			name = "Swift-Ecommerce-fe";
			productName = "Swift-Ecommerce-fe";
			productReference = C32050F72F17C4FE00E72F3F /* Swift-Ecommerce-fe.app */;
			productType = "com.apple.product-type.application";
		};
/* End PBXNativeTarget section */

/* Begin PBXProject section */
		C32050EF2F17C4FE00E72F3F /* Project object */ = {
			isa = PBXProject;
			attributes = {
				BuildIndependentTargetsInParallel = 1;
				LastSwiftUpdateCheck = 1520;
				LastUpgradeCheck = 1520;
				TargetAttributes = {
					C32050F62F17C4FE00E72F3F = {
						CreatedOnToolsVersion = 15.2;
					};
				};
			};
			buildConfigurationList = C32050F22F17C4FE00E72F3F /* Build configuration list for PBXProject "Swift-Ecommerce-fe" */;
			compatibilityVersion = "Xcode 14.0";
			developmentRegion = en;
			hasScannedForEncodings = 0;
			knownRegions = (
				en,
				Base,
			);
			mainGroup = C32050EE2F17C4FE00E72F3F;
			productRefGroup = C32050F82F17C4FE00E72F3F /* Products */;
			projectDirPath = "";
			projectRoot = "";
			targets = (
				C32050F62F17C4FE00E72F3F /* Swift-Ecommerce-fe */,
			);
		};
/* End PBXProject section */

/* Begin PBXResourcesBuildPhase section */
		C32050F52F17C4FE00E72F3F /* Resources */ = {
			isa = PBXResourcesBuildPhase;
			buildActionMask = 2147483647;
			files = (
				C32051032F17C50000E72F3F /* Preview Assets.xcassets in Resources */,
				C32050FF2F17C50000E72F3F /* Assets.xcassets in Resources */,
			);
			runOnlyForDeploymentPostprocessing = 0;
		};
/* End PBXResourcesBuildPhase section */

/* Begin PBXSourcesBuildPhase section */
		C32050F32F17C4FE00E72F3F /* Sources */ = {
			isa = PBXSourcesBuildPhase;
			buildActionMask = 2147483647;
			files = (
				C320514F2F1BDEBD00E72F3F /* LoginRequest.swift in Sources */,
				C320513D2F1BD7B600E72F3F /* AuthViewModel.swift in Sources */,
				C32051212F17E2AC00E72F3F /* CustomerLoginView.swift in Sources */,
				C32051232F17E2B900E72F3F /* CustomerRegisterView.swift in Sources */,
				C320514D2F1BD94700E72F3F /* HomeTabView.swift in Sources */,
				C32051132F17CA4F00E72F3F /* HomeView.swift in Sources */,
				C32051562F1BE73500E72F3F /* CustomerAPI.swift in Sources */,
				C32051272F17E50700E72F3F /* CheckboxToggleStyle.swift in Sources */,
				C32051292F17E58800E72F3F /* Validator.swift in Sources */,
				C32050FD2F17C4FE00E72F3F /* ContentView.swift in Sources */,
				C320514B2F1BD90600E72F3F /* ProfileView.swift in Sources */,
				C32051452F1BD8AE00E72F3F /* ExploreView.swift in Sources */,
				C320515B2F1BE7DD00E72F3F /* ProfileViewModel.swift in Sources */,
				C32051192F17CB7C00E72F3F /* SelectRoleView.swift in Sources */,
				C32051412F1BD7DE00E72F3F /* AuthResponse.swift in Sources */,
				C32051352F17EAA400E72F3F /* PrimaryButton.swift in Sources */,
				C32051482F1BD8D500E72F3F /* NotificationView.swift in Sources */,
				C32050FB2F17C4FE00E72F3F /* Swift_Ecommerce_feApp.swift in Sources */,
				C32051252F17E2D400E72F3F /* UserRole.swift in Sources */,
				C32051162F17CB5F00E72F3F /* WelcomeView.swift in Sources */,
				C32051512F1BDECE00E72F3F /* RegisterRequest.swift in Sources */,
				C320511F2F17E29400E72F3F /* AdminLoginView.swift in Sources */,
				C320512E2F17EA7200E72F3F /* AppTextField.swift in Sources */,
				C320513F2F1BD7C100E72F3F /* Customer.swift in Sources */,
				C320513B2F1BD7A400E72F3F /* AuthAPI.swift in Sources */,
				C32051322F17EA8900E72F3F /* AppErrorText.swift in Sources */,
				C32051302F17EA7F00E72F3F /* AppPasswordField.swift in Sources */,
				C32051542F1BE71A00E72F3F /* KeychainService.swift in Sources */,
				C32051592F1BE7A600E72F3F /* CustomerProfile.swift in Sources */,
				C320511B2F17E1BF00E72F3F /* RoleCard.swift in Sources */,
				C32051392F1BD79300E72F3F /* APIClient.swift in Sources */,
			);
			runOnlyForDeploymentPostprocessing = 0;
		};
/* End PBXSourcesBuildPhase section */

/* Begin XCBuildConfiguration section */
		C32051042F17C50000E72F3F /* Debug */ = {
			isa = XCBuildConfiguration;
			buildSettings = {
				ALWAYS_SEARCH_USER_PATHS = NO;
				ASSETCATALOG_COMPILER_GENERATE_SWIFT_ASSET_SYMBOL_EXTENSIONS = YES;
				CLANG_ANALYZER_NONNULL = YES;
				CLANG_ANALYZER_NUMBER_OBJECT_CONVERSION = YES_AGGRESSIVE;
				CLANG_CXX_LANGUAGE_STANDARD = "gnu++20";
				CLANG_ENABLE_MODULES = YES;
				CLANG_ENABLE_OBJC_ARC = YES;
				CLANG_ENABLE_OBJC_WEAK = YES;
				CLANG_WARN_BLOCK_CAPTURE_AUTORELEASING = YES;
				CLANG_WARN_BOOL_CONVERSION = YES;
				CLANG_WARN_COMMA = YES;
				CLANG_WARN_CONSTANT_CONVERSION = YES;
				CLANG_WARN_DEPRECATED_OBJC_IMPLEMENTATIONS = YES;
				CLANG_WARN_DIRECT_OBJC_ISA_USAGE = YES_ERROR;
				CLANG_WARN_DOCUMENTATION_COMMENTS = YES;
				CLANG_WARN_EMPTY_BODY = YES;
				CLANG_WARN_ENUM_CONVERSION = YES;
				CLANG_WARN_INFINITE_RECURSION = YES;
				CLANG_WARN_INT_CONVERSION = YES;
				CLANG_WARN_NON_LITERAL_NULL_CONVERSION = YES;
				CLANG_WARN_OBJC_IMPLICIT_RETAIN_SELF = YES;
				CLANG_WARN_OBJC_LITERAL_CONVERSION = YES;
				CLANG_WARN_OBJC_ROOT_CLASS = YES_ERROR;
				CLANG_WARN_QUOTED_INCLUDE_IN_FRAMEWORK_HEADER = YES;
				CLANG_WARN_RANGE_LOOP_ANALYSIS = YES;
				CLANG_WARN_STRICT_PROTOTYPES = YES;
				CLANG_WARN_SUSPICIOUS_MOVE = YES;
				CLANG_WARN_UNGUARDED_AVAILABILITY = YES_AGGRESSIVE;
				CLANG_WARN_UNREACHABLE_CODE = YES;
				CLANG_WARN__DUPLICATE_METHOD_MATCH = YES;
				COPY_PHASE_STRIP = NO;
				DEBUG_INFORMATION_FORMAT = dwarf;
				ENABLE_STRICT_OBJC_MSGSEND = YES;
				ENABLE_TESTABILITY = YES;
				ENABLE_USER_SCRIPT_SANDBOXING = YES;
				GCC_C_LANGUAGE_STANDARD = gnu17;
				GCC_DYNAMIC_NO_PIC = NO;
				GCC_NO_COMMON_BLOCKS = YES;
				GCC_OPTIMIZATION_LEVEL = 0;
				GCC_PREPROCESSOR_DEFINITIONS = (
					"DEBUG=1",
					"$(inherited)",
				);
				GCC_WARN_64_TO_32_BIT_CONVERSION = YES;
				GCC_WARN_ABOUT_RETURN_TYPE = YES_ERROR;
				GCC_WARN_UNDECLARED_SELECTOR = YES;
				GCC_WARN_UNINITIALIZED_AUTOS = YES_AGGRESSIVE;
				GCC_WARN_UNUSED_FUNCTION = YES;
				GCC_WARN_UNUSED_VARIABLE = YES;
				LOCALIZATION_PREFERS_STRING_CATALOGS = YES;
				MTL_ENABLE_DEBUG_INFO = INCLUDE_SOURCE;
				MTL_FAST_MATH = YES;
				ONLY_ACTIVE_ARCH = YES;
				SWIFT_ACTIVE_COMPILATION_CONDITIONS = "DEBUG $(inherited)";
				SWIFT_OPTIMIZATION_LEVEL = "-Onone";
			};
			name = Debug;
		};
		C32051052F17C50000E72F3F /* Release */ = {
			isa = XCBuildConfiguration;
			buildSettings = {
				ALWAYS_SEARCH_USER_PATHS = NO;
				ASSETCATALOG_COMPILER_GENERATE_SWIFT_ASSET_SYMBOL_EXTENSIONS = YES;
				CLANG_ANALYZER_NONNULL = YES;
				CLANG_ANALYZER_NUMBER_OBJECT_CONVERSION = YES_AGGRESSIVE;
				CLANG_CXX_LANGUAGE_STANDARD = "gnu++20";
				CLANG_ENABLE_MODULES = YES;
				CLANG_ENABLE_OBJC_ARC = YES;
				CLANG_ENABLE_OBJC_WEAK = YES;
				CLANG_WARN_BLOCK_CAPTURE_AUTORELEASING = YES;
				CLANG_WARN_BOOL_CONVERSION = YES;
				CLANG_WARN_COMMA = YES;
				CLANG_WARN_CONSTANT_CONVERSION = YES;
				CLANG_WARN_DEPRECATED_OBJC_IMPLEMENTATIONS = YES;
				CLANG_WARN_DIRECT_OBJC_ISA_USAGE = YES_ERROR;
				CLANG_WARN_DOCUMENTATION_COMMENTS = YES;
				CLANG_WARN_EMPTY_BODY = YES;
				CLANG_WARN_ENUM_CONVERSION = YES;
				CLANG_WARN_INFINITE_RECURSION = YES;
				CLANG_WARN_INT_CONVERSION = YES;
				CLANG_WARN_NON_LITERAL_NULL_CONVERSION = YES;
				CLANG_WARN_OBJC_IMPLICIT_RETAIN_SELF = YES;
				CLANG_WARN_OBJC_LITERAL_CONVERSION = YES;
				CLANG_WARN_OBJC_ROOT_CLASS = YES_ERROR;
				CLANG_WARN_QUOTED_INCLUDE_IN_FRAMEWORK_HEADER = YES;
				CLANG_WARN_RANGE_LOOP_ANALYSIS = YES;
				CLANG_WARN_STRICT_PROTOTYPES = YES;
				CLANG_WARN_SUSPICIOUS_MOVE = YES;
				CLANG_WARN_UNGUARDED_AVAILABILITY = YES_AGGRESSIVE;
				CLANG_WARN_UNREACHABLE_CODE = YES;
				CLANG_WARN__DUPLICATE_METHOD_MATCH = YES;
				COPY_PHASE_STRIP = NO;
				DEBUG_INFORMATION_FORMAT = "dwarf-with-dsym";
				ENABLE_NS_ASSERTIONS = NO;
				ENABLE_STRICT_OBJC_MSGSEND = YES;
				ENABLE_USER_SCRIPT_SANDBOXING = YES;
				GCC_C_LANGUAGE_STANDARD = gnu17;
				GCC_NO_COMMON_BLOCKS = YES;
				GCC_WARN_64_TO_32_BIT_CONVERSION = YES;
				GCC_WARN_ABOUT_RETURN_TYPE = YES_ERROR;
				GCC_WARN_UNDECLARED_SELECTOR = YES;
				GCC_WARN_UNINITIALIZED_AUTOS = YES_AGGRESSIVE;
				GCC_WARN_UNUSED_FUNCTION = YES;
				GCC_WARN_UNUSED_VARIABLE = YES;
				LOCALIZATION_PREFERS_STRING_CATALOGS = YES;
				MTL_ENABLE_DEBUG_INFO = NO;
				MTL_FAST_MATH = YES;
				SWIFT_COMPILATION_MODE = wholemodule;
			};
			name = Release;
		};
		C32051072F17C50000E72F3F /* Debug */ = {
			isa = XCBuildConfiguration;
			buildSettings = {
				ASSETCATALOG_COMPILER_APPICON_NAME = AppIcon;
				ASSETCATALOG_COMPILER_GLOBAL_ACCENT_COLOR_NAME = AccentColor;
				CODE_SIGN_ENTITLEMENTS = "Swift-Ecommerce-fe/Swift_Ecommerce_fe.entitlements";
				CODE_SIGN_STYLE = Automatic;
				CURRENT_PROJECT_VERSION = 1;
				DEVELOPMENT_ASSET_PATHS = "\"Swift-Ecommerce-fe/Preview Content\"";
				ENABLE_PREVIEWS = YES;
				GENERATE_INFOPLIST_FILE = YES;
				"INFOPLIST_KEY_UIApplicationSceneManifest_Generation[sdk=iphoneos*]" = YES;
				"INFOPLIST_KEY_UIApplicationSceneManifest_Generation[sdk=iphonesimulator*]" = YES;
				"INFOPLIST_KEY_UIApplicationSupportsIndirectInputEvents[sdk=iphoneos*]" = YES;
				"INFOPLIST_KEY_UIApplicationSupportsIndirectInputEvents[sdk=iphonesimulator*]" = YES;
				"INFOPLIST_KEY_UILaunchScreen_Generation[sdk=iphoneos*]" = YES;
				"INFOPLIST_KEY_UILaunchScreen_Generation[sdk=iphonesimulator*]" = YES;
				"INFOPLIST_KEY_UIStatusBarStyle[sdk=iphoneos*]" = UIStatusBarStyleDefault;
				"INFOPLIST_KEY_UIStatusBarStyle[sdk=iphonesimulator*]" = UIStatusBarStyleDefault;
				INFOPLIST_KEY_UISupportedInterfaceOrientations_iPad = "UIInterfaceOrientationPortrait UIInterfaceOrientationPortraitUpsideDown UIInterfaceOrientationLandscapeLeft UIInterfaceOrientationLandscapeRight";
				INFOPLIST_KEY_UISupportedInterfaceOrientations_iPhone = "UIInterfaceOrientationPortrait UIInterfaceOrientationLandscapeLeft UIInterfaceOrientationLandscapeRight";
				IPHONEOS_DEPLOYMENT_TARGET = 17.2;
				LD_RUNPATH_SEARCH_PATHS = "@executable_path/Frameworks";
				"LD_RUNPATH_SEARCH_PATHS[sdk=macosx*]" = "@executable_path/../Frameworks";
				MACOSX_DEPLOYMENT_TARGET = 13.7;
				MARKETING_VERSION = 1.0;
				PRODUCT_BUNDLE_IDENTIFIER = "datlevan10.Swift-Ecommerce-fe";
				PRODUCT_NAME = "$(TARGET_NAME)";
				SDKROOT = auto;
				SUPPORTED_PLATFORMS = "iphoneos iphonesimulator macosx";
				SWIFT_EMIT_LOC_STRINGS = YES;
				SWIFT_VERSION = 5.0;
				TARGETED_DEVICE_FAMILY = "1,2";
			};
			name = Debug;
		};
		C32051082F17C50000E72F3F /* Release */ = {
			isa = XCBuildConfiguration;
			buildSettings = {
				ASSETCATALOG_COMPILER_APPICON_NAME = AppIcon;
				ASSETCATALOG_COMPILER_GLOBAL_ACCENT_COLOR_NAME = AccentColor;
				CODE_SIGN_ENTITLEMENTS = "Swift-Ecommerce-fe/Swift_Ecommerce_fe.entitlements";
				CODE_SIGN_STYLE = Automatic;
				CURRENT_PROJECT_VERSION = 1;
				DEVELOPMENT_ASSET_PATHS = "\"Swift-Ecommerce-fe/Preview Content\"";
				ENABLE_PREVIEWS = YES;
				GENERATE_INFOPLIST_FILE = YES;
				"INFOPLIST_KEY_UIApplicationSceneManifest_Generation[sdk=iphoneos*]" = YES;
				"INFOPLIST_KEY_UIApplicationSceneManifest_Generation[sdk=iphonesimulator*]" = YES;
				"INFOPLIST_KEY_UIApplicationSupportsIndirectInputEvents[sdk=iphoneos*]" = YES;
				"INFOPLIST_KEY_UIApplicationSupportsIndirectInputEvents[sdk=iphonesimulator*]" = YES;
				"INFOPLIST_KEY_UILaunchScreen_Generation[sdk=iphoneos*]" = YES;
				"INFOPLIST_KEY_UILaunchScreen_Generation[sdk=iphonesimulator*]" = YES;
				"INFOPLIST_KEY_UIStatusBarStyle[sdk=iphoneos*]" = UIStatusBarStyleDefault;
				"INFOPLIST_KEY_UIStatusBarStyle[sdk=iphonesimulator*]" = UIStatusBarStyleDefault;
				INFOPLIST_KEY_UISupportedInterfaceOrientations_iPad = "UIInterfaceOrientationPortrait UIInterfaceOrientationPortraitUpsideDown UIInterfaceOrientationLandscapeLeft UIInterfaceOrientationLandscapeRight";
				INFOPLIST_KEY_UISupportedInterfaceOrientations_iPhone = "UIInterfaceOrientationPortrait UIInterfaceOrientationLandscapeLeft UIInterfaceOrientationLandscapeRight";
				IPHONEOS_DEPLOYMENT_TARGET = 17.2;
				LD_RUNPATH_SEARCH_PATHS = "@executable_path/Frameworks";
				"LD_RUNPATH_SEARCH_PATHS[sdk=macosx*]" = "@executable_path/../Frameworks";
				MACOSX_DEPLOYMENT_TARGET = 13.7;
				MARKETING_VERSION = 1.0;
				PRODUCT_BUNDLE_IDENTIFIER = "datlevan10.Swift-Ecommerce-fe";
				PRODUCT_NAME = "$(TARGET_NAME)";
				SDKROOT = auto;
				SUPPORTED_PLATFORMS = "iphoneos iphonesimulator macosx";
				SWIFT_EMIT_LOC_STRINGS = YES;
				SWIFT_VERSION = 5.0;
				TARGETED_DEVICE_FAMILY = "1,2";
			};
			name = Release;
		};
/* End XCBuildConfiguration section */

/* Begin XCConfigurationList section */
		C32050F22F17C4FE00E72F3F /* Build configuration list for PBXProject "Swift-Ecommerce-fe" */ = {
			isa = XCConfigurationList;
			buildConfigurations = (
				C32051042F17C50000E72F3F /* Debug */,
				C32051052F17C50000E72F3F /* Release */,
			);
			defaultConfigurationIsVisible = 0;
			defaultConfigurationName = Release;
		};
		C32051062F17C50000E72F3F /* Build configuration list for PBXNativeTarget "Swift-Ecommerce-fe" */ = {
			isa = XCConfigurationList;
			buildConfigurations = (
				C32051072F17C50000E72F3F /* Debug */,
				C32051082F17C50000E72F3F /* Release */,
			);
			defaultConfigurationIsVisible = 0;
			defaultConfigurationName = Release;
		};
/* End XCConfigurationList section */
	};
	rootObject = C32050EF2F17C4FE00E72F3F /* Project object */;
}
